
Microsoft Visual Studio Solution File, Format Version 12.00
# Visual Studio Version 17
VisualStudioVersion = 17.3.32929.385
MinimumVisualStudioVersion = 10.0.40219.1
Project("{54A90642-561A-4BB1-A94E-469ADEE60C69}") = "frontend_mitfahrerdb", "frontend_mitfahrerdb\frontend_mitfahrerdb.esproj", "{9B0FEC90-832E-425D-8C32-9253FF1A647C}"
EndProject
Global
	GlobalSection(SolutionConfigurationPlatforms) = preSolution
		Debug|Any CPU = Debug|Any CPU
		Release|Any CPU = Release|Any CPU
	EndGlobalSection
	GlobalSection(ProjectConfigurationPlatforms) = postSolution
		{9B0FEC90-832E-425D-8C32-9253FF1A647C}.Debug|Any CPU.ActiveCfg = Debug|Any CPU
		{9B0FEC90-832E-425D-8C32-9253FF1A647C}.Debug|Any CPU.Build.0 = Debug|Any CPU
		{9B0FEC90-832E-425D-8C32-9253FF1A647C}.Debug|Any CPU.Deploy.0 = Debug|Any CPU
		{9B0FEC90-832E-425D-8C32-9253FF1A647C}.Release|Any CPU.ActiveCfg = Release|Any CPU
		{9B0FEC90-832E-425D-8C32-9253FF1A647C}.Release|Any CPU.Build.0 = Release|Any CPU
		{9B0FEC90-832E-425D-8C32-9253FF1A647C}.Release|Any CPU.Deploy.0 = Release|Any CPU
	EndGlobalSection
	GlobalSection(SolutionProperties) = preSolution
		HideSolutionNode = FALSE
	EndGlobalSection
	GlobalSection(ExtensibilityGlobals) = postSolution
		SolutionGuid = {3B5C077F-18C1-4AD1-810F-2A9BB4B58EF0}
	EndGlobalSection
EndGlobal
